
Microsoft Visual Studio Solution File, Format Version 12.00
# Visual Studio Version 16
VisualStudioVersion = 16.0.29111.141
MinimumVisualStudioVersion = 10.0.40219.1
Project("{2150E333-8FDC-42A3-9474-1A3956D46DE8}") = "Solution Items", "Solution Items", "{9A7A0507-DD15-4355-85DA-AA59154224A5}"
	ProjectSection(SolutionItems) = preProject
		Readme.md = Readme.md
	EndProjectSection
EndProject
Project("{FAE04EC0-301F-11D3-BF4B-00C04F79EFBC}") = "Brigandine GE Data Editor GUI", "Brigandine GE Data Editor GUI\Brigandine GE Data Editor GUI.csproj", "{5E0D4F09-A38C-41F5-BA84-9D7F0517977B}"
EndProject
Project("{9A19103F-16F7-4668-BE54-9A1E7A4F7556}") = "Brigandine GE Data Editor", "Brigandine GE Data Editor\Brigandine GE Data Editor.csproj", "{E8815D93-9395-406B-BB03-416AE2EF8F53}"
EndProject
Global
	GlobalSection(SolutionConfigurationPlatforms) = preSolution
		Debug|Any CPU = Debug|Any CPU
		Release|Any CPU = Release|Any CPU
	EndGlobalSection
	GlobalSection(ProjectConfigurationPlatforms) = postSolution
		{5E0D4F09-A38C-41F5-BA84-9D7F0517977B}.Debug|Any CPU.ActiveCfg = Debug|Any CPU
		{5E0D4F09-A38C-41F5-BA84-9D7F0517977B}.Debug|Any CPU.Build.0 = Debug|Any CPU
		{5E0D4F09-A38C-41F5-BA84-9D7F0517977B}.Release|Any CPU.ActiveCfg = Release|Any CPU
		{5E0D4F09-A38C-41F5-BA84-9D7F0517977B}.Release|Any CPU.Build.0 = Release|Any CPU
		{E8815D93-9395-406B-BB03-416AE2EF8F53}.Debug|Any CPU.ActiveCfg = Debug|Any CPU
		{E8815D93-9395-406B-BB03-416AE2EF8F53}.Debug|Any CPU.Build.0 = Debug|Any CPU
		{E8815D93-9395-406B-BB03-416AE2EF8F53}.Release|Any CPU.ActiveCfg = Release|Any CPU
		{E8815D93-9395-406B-BB03-416AE2EF8F53}.Release|Any CPU.Build.0 = Release|Any CPU
	EndGlobalSection
	GlobalSection(SolutionProperties) = preSolution
		HideSolutionNode = FALSE
	EndGlobalSection
	GlobalSection(ExtensibilityGlobals) = postSolution
		SolutionGuid = {96A9728E-89D2-47D5-80FC-A320FDE3331B}
	EndGlobalSection
EndGlobal
